
Microsoft Visual Studio Solution File, Format Version 12.00
# Visual Studio Version 17
VisualStudioVersion = 17.14.36109.1 d17.14
MinimumVisualStudioVersion = 10.0.40219.1
Project("{FAE04EC0-301F-11D3-BF4B-00C04F79EFBC}") = "Backery", "Backery\Backery.csproj", "{B032CA0F-42C8-40AC-AF55-9E0828A8B5E3}"
EndProject
Global
	GlobalSection(SolutionConfigurationPlatforms) = preSolution
		Debug|Any CPU = Debug|Any CPU
		Release|Any CPU = Release|Any CPU
	EndGlobalSection
	GlobalSection(ProjectConfigurationPlatforms) = postSolution
		{B032CA0F-42C8-40AC-AF55-9E0828A8B5E3}.Debug|Any CPU.ActiveCfg = Debug|Any CPU
		{B032CA0F-42C8-40AC-AF55-9E0828A8B5E3}.Debug|Any CPU.Build.0 = Debug|Any CPU
		{B032CA0F-42C8-40AC-AF55-9E0828A8B5E3}.Release|Any CPU.ActiveCfg = Release|Any CPU
		{B032CA0F-42C8-40AC-AF55-9E0828A8B5E3}.Release|Any CPU.Build.0 = Release|Any CPU
	EndGlobalSection
	GlobalSection(SolutionProperties) = preSolution
		HideSolutionNode = FALSE
	EndGlobalSection
	GlobalSection(ExtensibilityGlobals) = postSolution
		SolutionGuid = {79AB08EE-700D-4FF5-84D3-2FC1BC5A27D1}
	EndGlobalSection
EndGlobal
